
Microsoft Visual Studio Solution File, Format Version 12.00
# Visual Studio Version 17
VisualStudioVersion = 17.9.34728.123
MinimumVisualStudioVersion = 10.0.40219.1
Project("{9A19103F-16F7-4668-BE54-9A1E7A4F7556}") = "StudyCenter", "StudyCenter.csproj", "{AE48AC31-3A29-4B39-8120-B74CFE7CB0B5}"
EndProject
Project("{FAE04EC0-301F-11D3-BF4B-00C04F79EFBC}") = "StudyCenterBiblioteca", "..\StudyCenterBiblioteca\StudyCenterBiblioteca.csproj", "{6B37E316-334A-4DCB-BAF1-AFB25C7660D3}"
EndProject
Global
	GlobalSection(SolutionConfigurationPlatforms) = preSolution
		Debug|Any CPU = Debug|Any CPU
		Release|Any CPU = Release|Any CPU
	EndGlobalSection
	GlobalSection(ProjectConfigurationPlatforms) = postSolution
		{AE48AC31-3A29-4B39-8120-B74CFE7CB0B5}.Debug|Any CPU.ActiveCfg = Debug|Any CPU
		{AE48AC31-3A29-4B39-8120-B74CFE7CB0B5}.Debug|Any CPU.Build.0 = Debug|Any CPU
		{AE48AC31-3A29-4B39-8120-B74CFE7CB0B5}.Release|Any CPU.ActiveCfg = Release|Any CPU
		{AE48AC31-3A29-4B39-8120-B74CFE7CB0B5}.Release|Any CPU.Build.0 = Release|Any CPU
		{6B37E316-334A-4DCB-BAF1-AFB25C7660D3}.Debug|Any CPU.ActiveCfg = Debug|Any CPU
		{6B37E316-334A-4DCB-BAF1-AFB25C7660D3}.Debug|Any CPU.Build.0 = Debug|Any CPU
		{6B37E316-334A-4DCB-BAF1-AFB25C7660D3}.Release|Any CPU.ActiveCfg = Release|Any CPU
		{6B37E316-334A-4DCB-BAF1-AFB25C7660D3}.Release|Any CPU.Build.0 = Release|Any CPU
	EndGlobalSection
	GlobalSection(SolutionProperties) = preSolution
		HideSolutionNode = FALSE
	EndGlobalSection
	GlobalSection(ExtensibilityGlobals) = postSolution
		SolutionGuid = {6B12C717-EA3F-4602-9315-56A4CB7D6EB6}
	EndGlobalSection
EndGlobal
